
Microsoft Visual Studio Solution File, Format Version 12.00
# Visual Studio Version 17
VisualStudioVersion = 17.2.32630.192
MinimumVisualStudioVersion = 10.0.40219.1
Project("{FAE04EC0-301F-11D3-BF4B-00C04F79EFBC}") = "TastyFood", "TastyFood\TastyFood.csproj", "{E2667C69-18BB-4DDC-B81C-C0370F19BF82}"
EndProject
Global
	GlobalSection(SolutionConfigurationPlatforms) = preSolution
		Debug|Any CPU = Debug|Any CPU
		Release|Any CPU = Release|Any CPU
	EndGlobalSection
	GlobalSection(ProjectConfigurationPlatforms) = postSolution
		{E2667C69-18BB-4DDC-B81C-C0370F19BF82}.Debug|Any CPU.ActiveCfg = Debug|Any CPU
		{E2667C69-18BB-4DDC-B81C-C0370F19BF82}.Debug|Any CPU.Build.0 = Debug|Any CPU
		{E2667C69-18BB-4DDC-B81C-C0370F19BF82}.Release|Any CPU.ActiveCfg = Release|Any CPU
		{E2667C69-18BB-4DDC-B81C-C0370F19BF82}.Release|Any CPU.Build.0 = Release|Any CPU
	EndGlobalSection
	GlobalSection(SolutionProperties) = preSolution
		HideSolutionNode = FALSE
	EndGlobalSection
	GlobalSection(ExtensibilityGlobals) = postSolution
		SolutionGuid = {F427C927-2630-44CC-8002-1603D238CB23}
	EndGlobalSection
EndGlobal
